
Microsoft Visual Studio Solution File, Format Version 12.00
# Visual Studio 15
VisualStudioVersion = 15.0.28307.960
MinimumVisualStudioVersion = 10.0.40219.1
Project("{9A19103F-16F7-4668-BE54-9A1E7A4F7556}") = "CatalogManager", "CatalogManager\CatalogManager.csproj", "{262270BD-3A15-4EA2-9679-E6251F7E1F74}"
EndProject
Project("{9A19103F-16F7-4668-BE54-9A1E7A4F7556}") = "CatalogManager.Data", "CatalogManager.Data\CatalogManager.Data.csproj", "{9B212945-A84D-460D-825D-4085911E7A5C}"
EndProject
Project("{9A19103F-16F7-4668-BE54-9A1E7A4F7556}") = "CatalogManager.Business", "CatalogManager.Business\CatalogManager.Business.csproj", "{6EC8A7F1-B5D5-40EF-9A41-49DEA9F428BF}"
EndProject
Project("{9A19103F-16F7-4668-BE54-9A1E7A4F7556}") = "CatalogManager.Dto", "CatalogManager.Dto\CatalogManager.Dto.csproj", "{796A379A-E01A-48DF-8CDC-21B33E864C7B}"
EndProject
Project("{2150E333-8FDC-42A3-9474-1A3956D46DE8}") = "Test", "Test", "{3E1D1888-9AA8-4EFE-9F21-8B2DF1B5A888}"
EndProject
Project("{FAE04EC0-301F-11D3-BF4B-00C04F79EFBC}") = "CatalogManager.UnitTest", "CatalogManager.UnitTest\CatalogManager.UnitTest.csproj", "{B920993E-B247-4527-A798-54A20C3B2257}"
EndProject
Project("{FAE04EC0-301F-11D3-BF4B-00C04F79EFBC}") = "CatalogManager.IntegrationTest", "CatalogManager.IntegrationTest\CatalogManager.IntegrationTest.csproj", "{ED493E57-7FA5-4AA0-8E1B-D6D021AF49E3}"
EndProject
Global
	GlobalSection(SolutionConfigurationPlatforms) = preSolution
		Debug|Any CPU = Debug|Any CPU
		Release|Any CPU = Release|Any CPU
	EndGlobalSection
	GlobalSection(ProjectConfigurationPlatforms) = postSolution
		{262270BD-3A15-4EA2-9679-E6251F7E1F74}.Debug|Any CPU.ActiveCfg = Debug|Any CPU
		{262270BD-3A15-4EA2-9679-E6251F7E1F74}.Debug|Any CPU.Build.0 = Debug|Any CPU
		{262270BD-3A15-4EA2-9679-E6251F7E1F74}.Release|Any CPU.ActiveCfg = Release|Any CPU
		{262270BD-3A15-4EA2-9679-E6251F7E1F74}.Release|Any CPU.Build.0 = Release|Any CPU
		{9B212945-A84D-460D-825D-4085911E7A5C}.Debug|Any CPU.ActiveCfg = Debug|Any CPU
		{9B212945-A84D-460D-825D-4085911E7A5C}.Debug|Any CPU.Build.0 = Debug|Any CPU
		{9B212945-A84D-460D-825D-4085911E7A5C}.Release|Any CPU.ActiveCfg = Release|Any CPU
		{9B212945-A84D-460D-825D-4085911E7A5C}.Release|Any CPU.Build.0 = Release|Any CPU
		{6EC8A7F1-B5D5-40EF-9A41-49DEA9F428BF}.Debug|Any CPU.ActiveCfg = Debug|Any CPU
		{6EC8A7F1-B5D5-40EF-9A41-49DEA9F428BF}.Debug|Any CPU.Build.0 = Debug|Any CPU
		{6EC8A7F1-B5D5-40EF-9A41-49DEA9F428BF}.Release|Any CPU.ActiveCfg = Release|Any CPU
		{6EC8A7F1-B5D5-40EF-9A41-49DEA9F428BF}.Release|Any CPU.Build.0 = Release|Any CPU
		{796A379A-E01A-48DF-8CDC-21B33E864C7B}.Debug|Any CPU.ActiveCfg = Debug|Any CPU
		{796A379A-E01A-48DF-8CDC-21B33E864C7B}.Debug|Any CPU.Build.0 = Debug|Any CPU
		{796A379A-E01A-48DF-8CDC-21B33E864C7B}.Release|Any CPU.ActiveCfg = Release|Any CPU
		{796A379A-E01A-48DF-8CDC-21B33E864C7B}.Release|Any CPU.Build.0 = Release|Any CPU
		{B920993E-B247-4527-A798-54A20C3B2257}.Debug|Any CPU.ActiveCfg = Debug|Any CPU
		{B920993E-B247-4527-A798-54A20C3B2257}.Debug|Any CPU.Build.0 = Debug|Any CPU
		{B920993E-B247-4527-A798-54A20C3B2257}.Release|Any CPU.ActiveCfg = Release|Any CPU
		{B920993E-B247-4527-A798-54A20C3B2257}.Release|Any CPU.Build.0 = Release|Any CPU
		{ED493E57-7FA5-4AA0-8E1B-D6D021AF49E3}.Debug|Any CPU.ActiveCfg = Debug|Any CPU
		{ED493E57-7FA5-4AA0-8E1B-D6D021AF49E3}.Debug|Any CPU.Build.0 = Debug|Any CPU
		{ED493E57-7FA5-4AA0-8E1B-D6D021AF49E3}.Release|Any CPU.ActiveCfg = Release|Any CPU
		{ED493E57-7FA5-4AA0-8E1B-D6D021AF49E3}.Release|Any CPU.Build.0 = Release|Any CPU
	EndGlobalSection
	GlobalSection(SolutionProperties) = preSolution
		HideSolutionNode = FALSE
	EndGlobalSection
	GlobalSection(NestedProjects) = preSolution
		{B920993E-B247-4527-A798-54A20C3B2257} = {3E1D1888-9AA8-4EFE-9F21-8B2DF1B5A888}
		{ED493E57-7FA5-4AA0-8E1B-D6D021AF49E3} = {3E1D1888-9AA8-4EFE-9F21-8B2DF1B5A888}
	EndGlobalSection
	GlobalSection(ExtensibilityGlobals) = postSolution
		SolutionGuid = {904E0DC4-52B2-4BEC-850D-AF76337F4C80}
	EndGlobalSection
EndGlobal
